{
  "requires": true,
  "lockfileVersion": 1,
  "dependencies": {
    "helmet": {
      "version": "4.1.1",
      "resolved": "https://registry.npmjs.org/helmet/-/helmet-4.1.1.tgz",
      "integrity": "sha512-Avg4XxSBrehD94mkRwEljnO+6RZx7AGfk8Wa6K1nxaU+hbXlFOhlOIMgPfFqOYQB/dBCsTpootTGuiOG+CHiQA=="
    }
  }
}
